// !$*UTF8*$!
{
	archiveVersion = 1;
	classes = {
	};
	objectVersion = 56;
	objects = {

/* Begin PBXBuildFile section */
		02A233C729C7474700EED4A0 /* swiftUICombineApp.swift in Sources */ = {isa = PBXBuildFile; fileRef = 02A233C629C7474700EED4A0 /* swiftUICombineApp.swift */; };
		02A233CB29C7474A00EED4A0 /* Assets.xcassets in Resources */ = {isa = PBXBuildFile; fileRef = 02A233CA29C7474A00EED4A0 /* Assets.xcassets */; };
		02A233CE29C7474A00EED4A0 /* Preview Assets.xcassets in Resources */ = {isa = PBXBuildFile; fileRef = 02A233CD29C7474A00EED4A0 /* Preview Assets.xcassets */; };
		02A233D829C7474A00EED4A0 /* swiftUICombineTests.swift in Sources */ = {isa = PBXBuildFile; fileRef = 02A233D729C7474A00EED4A0 /* swiftUICombineTests.swift */; };
		02A233E229C7474A00EED4A0 /* swiftUICombineUITests.swift in Sources */ = {isa = PBXBuildFile; fileRef = 02A233E129C7474A00EED4A0 /* swiftUICombineUITests.swift */; };
		02A233E429C7474A00EED4A0 /* swiftUICombineUITestsLaunchTests.swift in Sources */ = {isa = PBXBuildFile; fileRef = 02A233E329C7474A00EED4A0 /* swiftUICombineUITestsLaunchTests.swift */; };
		02A233F529C7479100EED4A0 /* PullToReferesh.swift in Sources */ = {isa = PBXBuildFile; fileRef = 02A233F029C7479000EED4A0 /* PullToReferesh.swift */; };
		02A233F629C7479100EED4A0 /* APIDemoUIView.swift in Sources */ = {isa = PBXBuildFile; fileRef = 02A233F129C7479100EED4A0 /* APIDemoUIView.swift */; };
		02A233F729C7479100EED4A0 /* APIRequest.swift in Sources */ = {isa = PBXBuildFile; fileRef = 02A233F229C7479100EED4A0 /* APIRequest.swift */; };
		02A233F829C7479100EED4A0 /* APIModels.swift in Sources */ = {isa = PBXBuildFile; fileRef = 02A233F329C7479100EED4A0 /* APIModels.swift */; };
		02A233F929C7479100EED4A0 /* CountryDetailView.swift in Sources */ = {isa = PBXBuildFile; fileRef = 02A233F429C7479100EED4A0 /* CountryDetailView.swift */; };
/* End PBXBuildFile section */

/* Begin PBXContainerItemProxy section */
		02A233D429C7474A00EED4A0 /* PBXContainerItemProxy */ = {
			isa = PBXContainerItemProxy;
			containerPortal = 02A233BB29C7474700EED4A0 /* Project object */;
			proxyType = 1;
			remoteGlobalIDString = 02A233C229C7474700EED4A0;
			remoteInfo = swiftUICombine;
		};
		02A233DE29C7474A00EED4A0 /* PBXContainerItemProxy */ = {
			isa = PBXContainerItemProxy;
			containerPortal = 02A233BB29C7474700EED4A0 /* Project object */;
			proxyType = 1;
			remoteGlobalIDString = 02A233C229C7474700EED4A0;
			remoteInfo = swiftUICombine;
		};
/* End PBXContainerItemProxy section */

/* Begin PBXFileReference section */
		02A233C329C7474700EED4A0 /* swiftUICombine.app */ = {isa = PBXFileReference; explicitFileType = wrapper.application; includeInIndex = 0; path = swiftUICombine.app; sourceTree = BUILT_PRODUCTS_DIR; };
		02A233C629C7474700EED4A0 /* swiftUICombineApp.swift */ = {isa = PBXFileReference; lastKnownFileType = sourcecode.swift; path = swiftUICombineApp.swift; sourceTree = "<group>"; };
		02A233CA29C7474A00EED4A0 /* Assets.xcassets */ = {isa = PBXFileReference; lastKnownFileType = folder.assetcatalog; path = Assets.xcassets; sourceTree = "<group>"; };
		02A233CD29C7474A00EED4A0 /* Preview Assets.xcassets */ = {isa = PBXFileReference; lastKnownFileType = folder.assetcatalog; path = "Preview Assets.xcassets"; sourceTree = "<group>"; };
		02A233D329C7474A00EED4A0 /* swiftUICombineTests.xctest */ = {isa = PBXFileReference; explicitFileType = wrapper.cfbundle; includeInIndex = 0; path = swiftUICombineTests.xctest; sourceTree = BUILT_PRODUCTS_DIR; };
		02A233D729C7474A00EED4A0 /* swiftUICombineTests.swift */ = {isa = PBXFileReference; lastKnownFileType = sourcecode.swift; path = swiftUICombineTests.swift; sourceTree = "<group>"; };
		02A233DD29C7474A00EED4A0 /* swiftUICombineUITests.xctest */ = {isa = PBXFileReference; explicitFileType = wrapper.cfbundle; includeInIndex = 0; path = swiftUICombineUITests.xctest; sourceTree = BUILT_PRODUCTS_DIR; };
		02A233E129C7474A00EED4A0 /* swiftUICombineUITests.swift */ = {isa = PBXFileReference; lastKnownFileType = sourcecode.swift; path = swiftUICombineUITests.swift; sourceTree = "<group>"; };
		02A233E329C7474A00EED4A0 /* swiftUICombineUITestsLaunchTests.swift */ = {isa = PBXFileReference; lastKnownFileType = sourcecode.swift; path = swiftUICombineUITestsLaunchTests.swift; sourceTree = "<group>"; };
		02A233F029C7479000EED4A0 /* PullToReferesh.swift */ = {isa = PBXFileReference; fileEncoding = 4; lastKnownFileType = sourcecode.swift; path = PullToReferesh.swift; sourceTree = "<group>"; };
		02A233F129C7479100EED4A0 /* APIDemoUIView.swift */ = {isa = PBXFileReference; fileEncoding = 4; lastKnownFileType = sourcecode.swift; path = APIDemoUIView.swift; sourceTree = "<group>"; };
		02A233F229C7479100EED4A0 /* APIRequest.swift */ = {isa = PBXFileReference; fileEncoding = 4; lastKnownFileType = sourcecode.swift; path = APIRequest.swift; sourceTree = "<group>"; };
		02A233F329C7479100EED4A0 /* APIModels.swift */ = {isa = PBXFileReference; fileEncoding = 4; lastKnownFileType = sourcecode.swift; path = APIModels.swift; sourceTree = "<group>"; };
		02A233F429C7479100EED4A0 /* CountryDetailView.swift */ = {isa = PBXFileReference; fileEncoding = 4; lastKnownFileType = sourcecode.swift; path = CountryDetailView.swift; sourceTree = "<group>"; };
/* End PBXFileReference section */

/* Begin PBXFrameworksBuildPhase section */
		02A233C029C7474700EED4A0 /* Frameworks */ = {
			isa = PBXFrameworksBuildPhase;
			buildActionMask = 2147483647;
			files = (
			);
			runOnlyForDeploymentPostprocessing = 0;
		};
		02A233D029C7474A00EED4A0 /* Frameworks */ = {
			isa = PBXFrameworksBuildPhase;
			buildActionMask = 2147483647;
			files = (
			);
			runOnlyForDeploymentPostprocessing = 0;
		};
		02A233DA29C7474A00EED4A0 /* Frameworks */ = {
			isa = PBXFrameworksBuildPhase;
			buildActionMask = 2147483647;
			files = (
			);
			runOnlyForDeploymentPostprocessing = 0;
		};
/* End PBXFrameworksBuildPhase section */

/* Begin PBXGroup section */
		02A233BA29C7474700EED4A0 = {
			isa = PBXGroup;
			children = (
				02A233C529C7474700EED4A0 /* swiftUICombine */,
				02A233D629C7474A00EED4A0 /* swiftUICombineTests */,
				02A233E029C7474A00EED4A0 /* swiftUICombineUITests */,
				02A233C429C7474700EED4A0 /* Products */,
			);
			sourceTree = "<group>";
		};
		02A233C429C7474700EED4A0 /* Products */ = {
			isa = PBXGroup;
			children = (
				02A233C329C7474700EED4A0 /* swiftUICombine.app */,
				02A233D329C7474A00EED4A0 /* swiftUICombineTests.xctest */,
				02A233DD29C7474A00EED4A0 /* swiftUICombineUITests.xctest */,
			);
			name = Products;
			sourceTree = "<group>";
		};
		02A233C529C7474700EED4A0 /* swiftUICombine */ = {
			isa = PBXGroup;
			children = (
				02A233F129C7479100EED4A0 /* APIDemoUIView.swift */,
				02A233F329C7479100EED4A0 /* APIModels.swift */,
				02A233F229C7479100EED4A0 /* APIRequest.swift */,
				02A233F429C7479100EED4A0 /* CountryDetailView.swift */,
				02A233F029C7479000EED4A0 /* PullToReferesh.swift */,
				02A233C629C7474700EED4A0 /* swiftUICombineApp.swift */,
				02A233CA29C7474A00EED4A0 /* Assets.xcassets */,
				02A233CC29C7474A00EED4A0 /* Preview Content */,
			);
			path = swiftUICombine;
			sourceTree = "<group>";
		};
		02A233CC29C7474A00EED4A0 /* Preview Content */ = {
			isa = PBXGroup;
			children = (
				02A233CD29C7474A00EED4A0 /* Preview Assets.xcassets */,
			);
			path = "Preview Content";
			sourceTree = "<group>";
		};
		02A233D629C7474A00EED4A0 /* swiftUICombineTests */ = {
			isa = PBXGroup;
			children = (
				02A233D729C7474A00EED4A0 /* swiftUICombineTests.swift */,
			);
			path = swiftUICombineTests;
			sourceTree = "<group>";
		};
		02A233E029C7474A00EED4A0 /* swiftUICombineUITests */ = {
			isa = PBXGroup;
			children = (
				02A233E129C7474A00EED4A0 /* swiftUICombineUITests.swift */,
				02A233E329C7474A00EED4A0 /* swiftUICombineUITestsLaunchTests.swift */,
			);
			path = swiftUICombineUITests;
			sourceTree = "<group>";
		};
/* End PBXGroup section */

/* Begin PBXNativeTarget section */
		02A233C229C7474700EED4A0 /* swiftUICombine */ = {
			isa = PBXNativeTarget;
			buildConfigurationList = 02A233E729C7474A00EED4A0 /* Build configuration list for PBXNativeTarget "swiftUICombine" */;
			buildPhases = (
				02A233BF29C7474700EED4A0 /* Sources */,
				02A233C029C7474700EED4A0 /* Frameworks */,
				02A233C129C7474700EED4A0 /* Resources */,
			);
			buildRules = (
			);
			dependencies = (
			);
			name = swiftUICombine;
			productName = swiftUICombine;
			productReference = 02A233C329C7474700EED4A0 /* swiftUICombine.app */;
			productType = "com.apple.product-type.application";
		};
		02A233D229C7474A00EED4A0 /* swiftUICombineTests */ = {
			isa = PBXNativeTarget;
			buildConfigurationList = 02A233EA29C7474A00EED4A0 /* Build configuration list for PBXNativeTarget "swiftUICombineTests" */;
			buildPhases = (
				02A233CF29C7474A00EED4A0 /* Sources */,
				02A233D029C7474A00EED4A0 /* Frameworks */,
				02A233D129C7474A00EED4A0 /* Resources */,
			);
			buildRules = (
			);
			dependencies = (
				02A233D529C7474A00EED4A0 /* PBXTargetDependency */,
			);
			name = swiftUICombineTests;
			productName = swiftUICombineTests;
			productReference = 02A233D329C7474A00EED4A0 /* swiftUICombineTests.xctest */;
			productType = "com.apple.product-type.bundle.unit-test";
		};
		02A233DC29C7474A00EED4A0 /* swiftUICombineUITests */ = {
			isa = PBXNativeTarget;
			buildConfigurationList = 02A233ED29C7474A00EED4A0 /* Build configuration list for PBXNativeTarget "swiftUICombineUITests" */;
			buildPhases = (
				02A233D929C7474A00EED4A0 /* Sources */,
				02A233DA29C7474A00EED4A0 /* Frameworks */,
				02A233DB29C7474A00EED4A0 /* Resources */,
			);
			buildRules = (
			);
			dependencies = (
				02A233DF29C7474A00EED4A0 /* PBXTargetDependency */,
			);
			name = swiftUICombineUITests;
			productName = swiftUICombineUITests;
			productReference = 02A233DD29C7474A00EED4A0 /* swiftUICombineUITests.xctest */;
			productType = "com.apple.product-type.bundle.ui-testing";
		};
/* End PBXNativeTarget section */

/* Begin PBXProject section */
		02A233BB29C7474700EED4A0 /* Project object */ = {
			isa = PBXProject;
			attributes = {
				BuildIndependentTargetsInParallel = 1;
				LastSwiftUpdateCheck = 1420;
				LastUpgradeCheck = 1420;
				TargetAttributes = {
					02A233C229C7474700EED4A0 = {
						CreatedOnToolsVersion = 14.2;
					};
					02A233D229C7474A00EED4A0 = {
						CreatedOnToolsVersion = 14.2;
						TestTargetID = 02A233C229C7474700EED4A0;
					};
					02A233DC29C7474A00EED4A0 = {
						CreatedOnToolsVersion = 14.2;
						TestTargetID = 02A233C229C7474700EED4A0;
					};
				};
			};
			buildConfigurationList = 02A233BE29C7474700EED4A0 /* Build configuration list for PBXProject "swiftUICombine" */;
			compatibilityVersion = "Xcode 14.0";
			developmentRegion = en;
			hasScannedForEncodings = 0;
			knownRegions = (
				en,
				Base,
			);
			mainGroup = 02A233BA29C7474700EED4A0;
			productRefGroup = 02A233C429C7474700EED4A0 /* Products */;
			projectDirPath = "";
			projectRoot = "";
			targets = (
				02A233C229C7474700EED4A0 /* swiftUICombine */,
				02A233D229C7474A00EED4A0 /* swiftUICombineTests */,
				02A233DC29C7474A00EED4A0 /* swiftUICombineUITests */,
			);
		};
/* End PBXProject section */

/* Begin PBXResourcesBuildPhase section */
		02A233C129C7474700EED4A0 /* Resources */ = {
			isa = PBXResourcesBuildPhase;
			buildActionMask = 2147483647;
			files = (
				02A233CE29C7474A00EED4A0 /* Preview Assets.xcassets in Resources */,
				02A233CB29C7474A00EED4A0 /* Assets.xcassets in Resources */,
			);
			runOnlyForDeploymentPostprocessing = 0;
		};
		02A233D129C7474A00EED4A0 /* Resources */ = {
			isa = PBXResourcesBuildPhase;
			buildActionMask = 2147483647;
			files = (
			);
			runOnlyForDeploymentPostprocessing = 0;
		};
		02A233DB29C7474A00EED4A0 /* Resources */ = {
			isa = PBXResourcesBuildPhase;
			buildActionMask = 2147483647;
			files = (
			);
			runOnlyForDeploymentPostprocessing = 0;
		};
/* End PBXResourcesBuildPhase section */

/* Begin PBXSourcesBuildPhase section */
		02A233BF29C7474700EED4A0 /* Sources */ = {
			isa = PBXSourcesBuildPhase;
			buildActionMask = 2147483647;
			files = (
				02A233F929C7479100EED4A0 /* CountryDetailView.swift in Sources */,
				02A233F829C7479100EED4A0 /* APIModels.swift in Sources */,
				02A233C729C7474700EED4A0 /* swiftUICombineApp.swift in Sources */,
				02A233F629C7479100EED4A0 /* APIDemoUIView.swift in Sources */,
				02A233F729C7479100EED4A0 /* APIRequest.swift in Sources */,
				02A233F529C7479100EED4A0 /* PullToReferesh.swift in Sources */,
			);
			runOnlyForDeploymentPostprocessing = 0;
		};
		02A233CF29C7474A00EED4A0 /* Sources */ = {
			isa = PBXSourcesBuildPhase;
			buildActionMask = 2147483647;
			files = (
				02A233D829C7474A00EED4A0 /* swiftUICombineTests.swift in Sources */,
			);
			runOnlyForDeploymentPostprocessing = 0;
		};
		02A233D929C7474A00EED4A0 /* Sources */ = {
			isa = PBXSourcesBuildPhase;
			buildActionMask = 2147483647;
			files = (
				02A233E429C7474A00EED4A0 /* swiftUICombineUITestsLaunchTests.swift in Sources */,
				02A233E229C7474A00EED4A0 /* swiftUICombineUITests.swift in Sources */,
			);
			runOnlyForDeploymentPostprocessing = 0;
		};
/* End PBXSourcesBuildPhase section */

/* Begin PBXTargetDependency section */
		02A233D529C7474A00EED4A0 /* PBXTargetDependency */ = {
			isa = PBXTargetDependency;
			target = 02A233C229C7474700EED4A0 /* swiftUICombine */;
			targetProxy = 02A233D429C7474A00EED4A0 /* PBXContainerItemProxy */;
		};
		02A233DF29C7474A00EED4A0 /* PBXTargetDependency */ = {
			isa = PBXTargetDependency;
			target = 02A233C229C7474700EED4A0 /* swiftUICombine */;
			targetProxy = 02A233DE29C7474A00EED4A0 /* PBXContainerItemProxy */;
		};
/* End PBXTargetDependency section */

/* Begin XCBuildConfiguration section */
		02A233E529C7474A00EED4A0 /* Debug */ = {
			isa = XCBuildConfiguration;
			buildSettings = {
				ALWAYS_SEARCH_USER_PATHS = NO;
				CLANG_ANALYZER_NONNULL = YES;
				CLANG_ANALYZER_NUMBER_OBJECT_CONVERSION = YES_AGGRESSIVE;
				CLANG_CXX_LANGUAGE_STANDARD = "gnu++20";
				CLANG_ENABLE_MODULES = YES;
				CLANG_ENABLE_OBJC_ARC = YES;
				CLANG_ENABLE_OBJC_WEAK = YES;
				CLANG_WARN_BLOCK_CAPTURE_AUTORELEASING = YES;
				CLANG_WARN_BOOL_CONVERSION = YES;
				CLANG_WARN_COMMA = YES;
				CLANG_WARN_CONSTANT_CONVERSION = YES;
				CLANG_WARN_DEPRECATED_OBJC_IMPLEMENTATIONS = YES;
				CLANG_WARN_DIRECT_OBJC_ISA_USAGE = YES_ERROR;
				CLANG_WARN_DOCUMENTATION_COMMENTS = YES;
				CLANG_WARN_EMPTY_BODY = YES;
				CLANG_WARN_ENUM_CONVERSION = YES;
				CLANG_WARN_INFINITE_RECURSION = YES;
				CLANG_WARN_INT_CONVERSION = YES;
				CLANG_WARN_NON_LITERAL_NULL_CONVERSION = YES;
				CLANG_WARN_OBJC_IMPLICIT_RETAIN_SELF = YES;
				CLANG_WARN_OBJC_LITERAL_CONVERSION = YES;
				CLANG_WARN_OBJC_ROOT_CLASS = YES_ERROR;
				CLANG_WARN_QUOTED_INCLUDE_IN_FRAMEWORK_HEADER = YES;
				CLANG_WARN_RANGE_LOOP_ANALYSIS = YES;
				CLANG_WARN_STRICT_PROTOTYPES = YES;
				CLANG_WARN_SUSPICIOUS_MOVE = YES;
				CLANG_WARN_UNGUARDED_AVAILABILITY = YES_AGGRESSIVE;
				CLANG_WARN_UNREACHABLE_CODE = YES;
				CLANG_WARN__DUPLICATE_METHOD_MATCH = YES;
				COPY_PHASE_STRIP = NO;
				DEBUG_INFORMATION_FORMAT = dwarf;
				ENABLE_STRICT_OBJC_MSGSEND = YES;
				ENABLE_TESTABILITY = YES;
				GCC_C_LANGUAGE_STANDARD = gnu11;
				GCC_DYNAMIC_NO_PIC = NO;
				GCC_NO_COMMON_BLOCKS = YES;
				GCC_OPTIMIZATION_LEVEL = 0;
				GCC_PREPROCESSOR_DEFINITIONS = (
					"DEBUG=1",
					"$(inherited)",
				);
				GCC_WARN_64_TO_32_BIT_CONVERSION = YES;
				GCC_WARN_ABOUT_RETURN_TYPE = YES_ERROR;
				GCC_WARN_UNDECLARED_SELECTOR = YES;
				GCC_WARN_UNINITIALIZED_AUTOS = YES_AGGRESSIVE;
				GCC_WARN_UNUSED_FUNCTION = YES;
				GCC_WARN_UNUSED_VARIABLE = YES;
				IPHONEOS_DEPLOYMENT_TARGET = 16.2;
				MTL_ENABLE_DEBUG_INFO = INCLUDE_SOURCE;
				MTL_FAST_MATH = YES;
				ONLY_ACTIVE_ARCH = YES;
				SDKROOT = iphoneos;
				SWIFT_ACTIVE_COMPILATION_CONDITIONS = DEBUG;
				SWIFT_OPTIMIZATION_LEVEL = "-Onone";
			};
			name = Debug;
		};
		02A233E629C7474A00EED4A0 /* Release */ = {
			isa = XCBuildConfiguration;
			buildSettings = {
				ALWAYS_SEARCH_USER_PATHS = NO;
				CLANG_ANALYZER_NONNULL = YES;
				CLANG_ANALYZER_NUMBER_OBJECT_CONVERSION = YES_AGGRESSIVE;
				CLANG_CXX_LANGUAGE_STANDARD = "gnu++20";
				CLANG_ENABLE_MODULES = YES;
				CLANG_ENABLE_OBJC_ARC = YES;
				CLANG_ENABLE_OBJC_WEAK = YES;
				CLANG_WARN_BLOCK_CAPTURE_AUTORELEASING = YES;
				CLANG_WARN_BOOL_CONVERSION = YES;
				CLANG_WARN_COMMA = YES;
				CLANG_WARN_CONSTANT_CONVERSION = YES;
				CLANG_WARN_DEPRECATED_OBJC_IMPLEMENTATIONS = YES;
				CLANG_WARN_DIRECT_OBJC_ISA_USAGE = YES_ERROR;
				CLANG_WARN_DOCUMENTATION_COMMENTS = YES;
				CLANG_WARN_EMPTY_BODY = YES;
				CLANG_WARN_ENUM_CONVERSION = YES;
				CLANG_WARN_INFINITE_RECURSION = YES;
				CLANG_WARN_INT_CONVERSION = YES;
				CLANG_WARN_NON_LITERAL_NULL_CONVERSION = YES;
				CLANG_WARN_OBJC_IMPLICIT_RETAIN_SELF = YES;
				CLANG_WARN_OBJC_LITERAL_CONVERSION = YES;
				CLANG_WARN_OBJC_ROOT_CLASS = YES_ERROR;
				CLANG_WARN_QUOTED_INCLUDE_IN_FRAMEWORK_HEADER = YES;
				CLANG_WARN_RANGE_LOOP_ANALYSIS = YES;
				CLANG_WARN_STRICT_PROTOTYPES = YES;
				CLANG_WARN_SUSPICIOUS_MOVE = YES;
				CLANG_WARN_UNGUARDED_AVAILABILITY = YES_AGGRESSIVE;
				CLANG_WARN_UNREACHABLE_CODE = YES;
				CLANG_WARN__DUPLICATE_METHOD_MATCH = YES;
				COPY_PHASE_STRIP = NO;
				DEBUG_INFORMATION_FORMAT = "dwarf-with-dsym";
				ENABLE_NS_ASSERTIONS = NO;
				ENABLE_STRICT_OBJC_MSGSEND = YES;
				GCC_C_LANGUAGE_STANDARD = gnu11;
				GCC_NO_COMMON_BLOCKS = YES;
				GCC_WARN_64_TO_32_BIT_CONVERSION = YES;
				GCC_WARN_ABOUT_RETURN_TYPE = YES_ERROR;
				GCC_WARN_UNDECLARED_SELECTOR = YES;
				GCC_WARN_UNINITIALIZED_AUTOS = YES_AGGRESSIVE;
				GCC_WARN_UNUSED_FUNCTION = YES;
				GCC_WARN_UNUSED_VARIABLE = YES;
				IPHONEOS_DEPLOYMENT_TARGET = 16.2;
				MTL_ENABLE_DEBUG_INFO = NO;
				MTL_FAST_MATH = YES;
				SDKROOT = iphoneos;
				SWIFT_COMPILATION_MODE = wholemodule;
				SWIFT_OPTIMIZATION_LEVEL = "-O";
				VALIDATE_PRODUCT = YES;
			};
			name = Release;
		};
		02A233E829C7474A00EED4A0 /* Debug */ = {
			isa = XCBuildConfiguration;
			buildSettings = {
				ASSETCATALOG_COMPILER_APPICON_NAME = AppIcon;
				ASSETCATALOG_COMPILER_GLOBAL_ACCENT_COLOR_NAME = AccentColor;
				CODE_SIGN_STYLE = Automatic;
				CURRENT_PROJECT_VERSION = 1;
				DEVELOPMENT_ASSET_PATHS = "\"swiftUICombine/Preview Content\"";
				ENABLE_PREVIEWS = YES;
				GENERATE_INFOPLIST_FILE = YES;
				INFOPLIST_KEY_UIApplicationSceneManifest_Generation = YES;
				INFOPLIST_KEY_UIApplicationSupportsIndirectInputEvents = YES;
				INFOPLIST_KEY_UILaunchScreen_Generation = YES;
				INFOPLIST_KEY_UISupportedInterfaceOrientations_iPad = "UIInterfaceOrientationPortrait UIInterfaceOrientationPortraitUpsideDown UIInterfaceOrientationLandscapeLeft UIInterfaceOrientationLandscapeRight";
				INFOPLIST_KEY_UISupportedInterfaceOrientations_iPhone = "UIInterfaceOrientationPortrait UIInterfaceOrientationLandscapeLeft UIInterfaceOrientationLandscapeRight";
				LD_RUNPATH_SEARCH_PATHS = (
					"$(inherited)",
					"@executable_path/Frameworks",
				);
				MARKETING_VERSION = 1.0;
				PRODUCT_BUNDLE_IDENTIFIER = com.ank.swiftUICombine;
				PRODUCT_NAME = "$(TARGET_NAME)";
				SWIFT_EMIT_LOC_STRINGS = YES;
				SWIFT_VERSION = 5.0;
				TARGETED_DEVICE_FAMILY = "1,2";
			};
			name = Debug;
		};
		02A233E929C7474A00EED4A0 /* Release */ = {
			isa = XCBuildConfiguration;
			buildSettings = {
				ASSETCATALOG_COMPILER_APPICON_NAME = AppIcon;
				ASSETCATALOG_COMPILER_GLOBAL_ACCENT_COLOR_NAME = AccentColor;
				CODE_SIGN_STYLE = Automatic;
				CURRENT_PROJECT_VERSION = 1;
				DEVELOPMENT_ASSET_PATHS = "\"swiftUICombine/Preview Content\"";
				ENABLE_PREVIEWS = YES;
				GENERATE_INFOPLIST_FILE = YES;
				INFOPLIST_KEY_UIApplicationSceneManifest_Generation = YES;
				INFOPLIST_KEY_UIApplicationSupportsIndirectInputEvents = YES;
				INFOPLIST_KEY_UILaunchScreen_Generation = YES;
				INFOPLIST_KEY_UISupportedInterfaceOrientations_iPad = "UIInterfaceOrientationPortrait UIInterfaceOrientationPortraitUpsideDown UIInterfaceOrientationLandscapeLeft UIInterfaceOrientationLandscapeRight";
				INFOPLIST_KEY_UISupportedInterfaceOrientations_iPhone = "UIInterfaceOrientationPortrait UIInterfaceOrientationLandscapeLeft UIInterfaceOrientationLandscapeRight";
				LD_RUNPATH_SEARCH_PATHS = (
					"$(inherited)",
					"@executable_path/Frameworks",
				);
				MARKETING_VERSION = 1.0;
				PRODUCT_BUNDLE_IDENTIFIER = com.ank.swiftUICombine;
				PRODUCT_NAME = "$(TARGET_NAME)";
				SWIFT_EMIT_LOC_STRINGS = YES;
				SWIFT_VERSION = 5.0;
				TARGETED_DEVICE_FAMILY = "1,2";
			};
			name = Release;
		};
		02A233EB29C7474A00EED4A0 /* Debug */ = {
			isa = XCBuildConfiguration;
			buildSettings = {
				ALWAYS_EMBED_SWIFT_STANDARD_LIBRARIES = YES;
				BUNDLE_LOADER = "$(TEST_HOST)";
				CODE_SIGN_STYLE = Automatic;
				CURRENT_PROJECT_VERSION = 1;
				GENERATE_INFOPLIST_FILE = YES;
				IPHONEOS_DEPLOYMENT_TARGET = 16.2;
				MARKETING_VERSION = 1.0;
				PRODUCT_BUNDLE_IDENTIFIER = com.ank.swiftUICombineTests;
				PRODUCT_NAME = "$(TARGET_NAME)";
				SWIFT_EMIT_LOC_STRINGS = NO;
				SWIFT_VERSION = 5.0;
				TARGETED_DEVICE_FAMILY = "1,2";
				TEST_HOST = "$(BUILT_PRODUCTS_DIR)/swiftUICombine.app/$(BUNDLE_EXECUTABLE_FOLDER_PATH)/swiftUICombine";
			};
			name = Debug;
		};
		02A233EC29C7474A00EED4A0 /* Release */ = {
			isa = XCBuildConfiguration;
			buildSettings = {
				ALWAYS_EMBED_SWIFT_STANDARD_LIBRARIES = YES;
				BUNDLE_LOADER = "$(TEST_HOST)";
				CODE_SIGN_STYLE = Automatic;
				CURRENT_PROJECT_VERSION = 1;
				GENERATE_INFOPLIST_FILE = YES;
				IPHONEOS_DEPLOYMENT_TARGET = 16.2;
				MARKETING_VERSION = 1.0;
				PRODUCT_BUNDLE_IDENTIFIER = com.ank.swiftUICombineTests;
				PRODUCT_NAME = "$(TARGET_NAME)";
				SWIFT_EMIT_LOC_STRINGS = NO;
				SWIFT_VERSION = 5.0;
				TARGETED_DEVICE_FAMILY = "1,2";
				TEST_HOST = "$(BUILT_PRODUCTS_DIR)/swiftUICombine.app/$(BUNDLE_EXECUTABLE_FOLDER_PATH)/swiftUICombine";
			};
			name = Release;
		};
		02A233EE29C7474A00EED4A0 /* Debug */ = {
			isa = XCBuildConfiguration;
			buildSettings = {
				ALWAYS_EMBED_SWIFT_STANDARD_LIBRARIES = YES;
				CODE_SIGN_STYLE = Automatic;
				CURRENT_PROJECT_VERSION = 1;
				GENERATE_INFOPLIST_FILE = YES;
				MARKETING_VERSION = 1.0;
				PRODUCT_BUNDLE_IDENTIFIER = com.ank.swiftUICombineUITests;
				PRODUCT_NAME = "$(TARGET_NAME)";
				SWIFT_EMIT_LOC_STRINGS = NO;
				SWIFT_VERSION = 5.0;
				TARGETED_DEVICE_FAMILY = "1,2";
				TEST_TARGET_NAME = swiftUICombine;
			};
			name = Debug;
		};
		02A233EF29C7474A00EED4A0 /* Release */ = {
			isa = XCBuildConfiguration;
			buildSettings = {
				ALWAYS_EMBED_SWIFT_STANDARD_LIBRARIES = YES;
				CODE_SIGN_STYLE = Automatic;
				CURRENT_PROJECT_VERSION = 1;
				GENERATE_INFOPLIST_FILE = YES;
				MARKETING_VERSION = 1.0;
				PRODUCT_BUNDLE_IDENTIFIER = com.ank.swiftUICombineUITests;
				PRODUCT_NAME = "$(TARGET_NAME)";
				SWIFT_EMIT_LOC_STRINGS = NO;
				SWIFT_VERSION = 5.0;
				TARGETED_DEVICE_FAMILY = "1,2";
				TEST_TARGET_NAME = swiftUICombine;
			};
			name = Release;
		};
/* End XCBuildConfiguration section */

/* Begin XCConfigurationList section */
		02A233BE29C7474700EED4A0 /* Build configuration list for PBXProject "swiftUICombine" */ = {
			isa = XCConfigurationList;
			buildConfigurations = (
				02A233E529C7474A00EED4A0 /* Debug */,
				02A233E629C7474A00EED4A0 /* Release */,
			);
			defaultConfigurationIsVisible = 0;
			defaultConfigurationName = Release;
		};
		02A233E729C7474A00EED4A0 /* Build configuration list for PBXNativeTarget "swiftUICombine" */ = {
			isa = XCConfigurationList;
			buildConfigurations = (
				02A233E829C7474A00EED4A0 /* Debug */,
				02A233E929C7474A00EED4A0 /* Release */,
			);
			defaultConfigurationIsVisible = 0;
			defaultConfigurationName = Release;
		};
		02A233EA29C7474A00EED4A0 /* Build configuration list for PBXNativeTarget "swiftUICombineTests" */ = {
			isa = XCConfigurationList;
			buildConfigurations = (
				02A233EB29C7474A00EED4A0 /* Debug */,
				02A233EC29C7474A00EED4A0 /* Release */,
			);
			defaultConfigurationIsVisible = 0;
			defaultConfigurationName = Release;
		};
		02A233ED29C7474A00EED4A0 /* Build configuration list for PBXNativeTarget "swiftUICombineUITests" */ = {
			isa = XCConfigurationList;
			buildConfigurations = (
				02A233EE29C7474A00EED4A0 /* Debug */,
				02A233EF29C7474A00EED4A0 /* Release */,
			);
			defaultConfigurationIsVisible = 0;
			defaultConfigurationName = Release;
		};
/* End XCConfigurationList section */
	};
	rootObject = 02A233BB29C7474700EED4A0 /* Project object */;
}
